
Microsoft Visual Studio Solution File, Format Version 12.00
# Visual Studio 15
VisualStudioVersion = 15.0.27428.2015
MinimumVisualStudioVersion = 10.0.40219.1
Project("{FAE04EC0-301F-11D3-BF4B-00C04F79EFBC}") = "Exercise12_1", "Exercise12_1.csproj", "{729D2DA2-2D0A-4EC6-AA5C-2FC5BFEF6BAF}"
EndProject
Global
	GlobalSection(SolutionConfigurationPlatforms) = preSolution
		Debug|Any CPU = Debug|Any CPU
		Release|Any CPU = Release|Any CPU
	EndGlobalSection
	GlobalSection(ProjectConfigurationPlatforms) = postSolution
		{729D2DA2-2D0A-4EC6-AA5C-2FC5BFEF6BAF}.Debug|Any CPU.ActiveCfg = Debug|Any CPU
		{729D2DA2-2D0A-4EC6-AA5C-2FC5BFEF6BAF}.Debug|Any CPU.Build.0 = Debug|Any CPU
		{729D2DA2-2D0A-4EC6-AA5C-2FC5BFEF6BAF}.Release|Any CPU.ActiveCfg = Release|Any CPU
		{729D2DA2-2D0A-4EC6-AA5C-2FC5BFEF6BAF}.Release|Any CPU.Build.0 = Release|Any CPU
	EndGlobalSection
	GlobalSection(SolutionProperties) = preSolution
		HideSolutionNode = FALSE
	EndGlobalSection
	GlobalSection(ExtensibilityGlobals) = postSolution
		SolutionGuid = {4F849FCA-141F-40A7-935C-39C28FD37715}
	EndGlobalSection
EndGlobal
