
Microsoft Visual Studio Solution File, Format Version 12.00
# Visual Studio 15
VisualStudioVersion = 15.0.27428.2015
MinimumVisualStudioVersion = 10.0.40219.1
Project("{FAE04EC0-301F-11D3-BF4B-00C04F79EFBC}") = "StronglyConnectedComponents", "StronglyConnectedComponents\StronglyConnectedComponents.csproj", "{E3F5FEBE-1652-4EFB-9E8E-C7D69C29EBC1}"
EndProject
Global
	GlobalSection(SolutionConfigurationPlatforms) = preSolution
		Debug|Any CPU = Debug|Any CPU
		Release|Any CPU = Release|Any CPU
	EndGlobalSection
	GlobalSection(ProjectConfigurationPlatforms) = postSolution
		{E3F5FEBE-1652-4EFB-9E8E-C7D69C29EBC1}.Debug|Any CPU.ActiveCfg = Debug|Any CPU
		{E3F5FEBE-1652-4EFB-9E8E-C7D69C29EBC1}.Debug|Any CPU.Build.0 = Debug|Any CPU
		{E3F5FEBE-1652-4EFB-9E8E-C7D69C29EBC1}.Release|Any CPU.ActiveCfg = Release|Any CPU
		{E3F5FEBE-1652-4EFB-9E8E-C7D69C29EBC1}.Release|Any CPU.Build.0 = Release|Any CPU
	EndGlobalSection
	GlobalSection(SolutionProperties) = preSolution
		HideSolutionNode = FALSE
	EndGlobalSection
	GlobalSection(ExtensibilityGlobals) = postSolution
		SolutionGuid = {567DCA48-4644-4EDE-B47B-9C75DA05FDD2}
	EndGlobalSection
EndGlobal
