
Microsoft Visual Studio Solution File, Format Version 12.00
# Visual Studio 15
VisualStudioVersion = 15.0.27428.2015
MinimumVisualStudioVersion = 10.0.40219.1
Project("{FAE04EC0-301F-11D3-BF4B-00C04F79EFBC}") = "Exercise7_9", "Exercise7_9.csproj", "{350A1D4B-53EC-4067-AE7A-772524FBDDE2}"
EndProject
Global
	GlobalSection(SolutionConfigurationPlatforms) = preSolution
		Debug|Any CPU = Debug|Any CPU
		Release|Any CPU = Release|Any CPU
	EndGlobalSection
	GlobalSection(ProjectConfigurationPlatforms) = postSolution
		{350A1D4B-53EC-4067-AE7A-772524FBDDE2}.Debug|Any CPU.ActiveCfg = Debug|Any CPU
		{350A1D4B-53EC-4067-AE7A-772524FBDDE2}.Debug|Any CPU.Build.0 = Debug|Any CPU
		{350A1D4B-53EC-4067-AE7A-772524FBDDE2}.Release|Any CPU.ActiveCfg = Release|Any CPU
		{350A1D4B-53EC-4067-AE7A-772524FBDDE2}.Release|Any CPU.Build.0 = Release|Any CPU
	EndGlobalSection
	GlobalSection(SolutionProperties) = preSolution
		HideSolutionNode = FALSE
	EndGlobalSection
	GlobalSection(ExtensibilityGlobals) = postSolution
		SolutionGuid = {0206019B-F248-4F8F-BA2F-EA0C80D95BD3}
	EndGlobalSection
EndGlobal
