
Microsoft Visual Studio Solution File, Format Version 12.00
# Visual Studio 15
VisualStudioVersion = 15.0.27428.2015
MinimumVisualStudioVersion = 10.0.40219.1
Project("{FAE04EC0-301F-11D3-BF4B-00C04F79EFBC}") = "AlgorithmsAssignment2", "AlgorithmsAssignment2.csproj", "{599B420C-1B68-40B3-930F-42FA8C8352B5}"
EndProject
Global
	GlobalSection(SolutionConfigurationPlatforms) = preSolution
		Debug|Any CPU = Debug|Any CPU
		Release|Any CPU = Release|Any CPU
	EndGlobalSection
	GlobalSection(ProjectConfigurationPlatforms) = postSolution
		{599B420C-1B68-40B3-930F-42FA8C8352B5}.Debug|Any CPU.ActiveCfg = Debug|Any CPU
		{599B420C-1B68-40B3-930F-42FA8C8352B5}.Debug|Any CPU.Build.0 = Debug|Any CPU
		{599B420C-1B68-40B3-930F-42FA8C8352B5}.Release|Any CPU.ActiveCfg = Release|Any CPU
		{599B420C-1B68-40B3-930F-42FA8C8352B5}.Release|Any CPU.Build.0 = Release|Any CPU
	EndGlobalSection
	GlobalSection(SolutionProperties) = preSolution
		HideSolutionNode = FALSE
	EndGlobalSection
	GlobalSection(ExtensibilityGlobals) = postSolution
		SolutionGuid = {180E1F76-D066-4127-9333-F792056A1074}
	EndGlobalSection
EndGlobal
