
Microsoft Visual Studio Solution File, Format Version 12.00
# Visual Studio 15
VisualStudioVersion = 15.0.27428.2015
MinimumVisualStudioVersion = 10.0.40219.1
Project("{FAE04EC0-301F-11D3-BF4B-00C04F79EFBC}") = "Exercise9_3", "Exercise9_3.csproj", "{A1EE094D-5151-4274-BF92-E6378D7FD8CA}"
EndProject
Global
	GlobalSection(SolutionConfigurationPlatforms) = preSolution
		Debug|Any CPU = Debug|Any CPU
		Release|Any CPU = Release|Any CPU
	EndGlobalSection
	GlobalSection(ProjectConfigurationPlatforms) = postSolution
		{A1EE094D-5151-4274-BF92-E6378D7FD8CA}.Debug|Any CPU.ActiveCfg = Debug|Any CPU
		{A1EE094D-5151-4274-BF92-E6378D7FD8CA}.Debug|Any CPU.Build.0 = Debug|Any CPU
		{A1EE094D-5151-4274-BF92-E6378D7FD8CA}.Release|Any CPU.ActiveCfg = Release|Any CPU
		{A1EE094D-5151-4274-BF92-E6378D7FD8CA}.Release|Any CPU.Build.0 = Release|Any CPU
	EndGlobalSection
	GlobalSection(SolutionProperties) = preSolution
		HideSolutionNode = FALSE
	EndGlobalSection
	GlobalSection(ExtensibilityGlobals) = postSolution
		SolutionGuid = {A7F70053-9948-4A89-AEAB-795E26D16A04}
	EndGlobalSection
EndGlobal
