
Microsoft Visual Studio Solution File, Format Version 12.00
# Visual Studio 15
VisualStudioVersion = 15.0.27428.2015
MinimumVisualStudioVersion = 10.0.40219.1
Project("{FAE04EC0-301F-11D3-BF4B-00C04F79EFBC}") = "ConsoleApp1", "ConsoleApp1.csproj", "{8DBBB5B6-97AD-4BD2-B657-F98872373A6F}"
EndProject
Global
	GlobalSection(SolutionConfigurationPlatforms) = preSolution
		Debug|Any CPU = Debug|Any CPU
		Release|Any CPU = Release|Any CPU
	EndGlobalSection
	GlobalSection(ProjectConfigurationPlatforms) = postSolution
		{8DBBB5B6-97AD-4BD2-B657-F98872373A6F}.Debug|Any CPU.ActiveCfg = Debug|Any CPU
		{8DBBB5B6-97AD-4BD2-B657-F98872373A6F}.Debug|Any CPU.Build.0 = Debug|Any CPU
		{8DBBB5B6-97AD-4BD2-B657-F98872373A6F}.Release|Any CPU.ActiveCfg = Release|Any CPU
		{8DBBB5B6-97AD-4BD2-B657-F98872373A6F}.Release|Any CPU.Build.0 = Release|Any CPU
	EndGlobalSection
	GlobalSection(SolutionProperties) = preSolution
		HideSolutionNode = FALSE
	EndGlobalSection
	GlobalSection(ExtensibilityGlobals) = postSolution
		SolutionGuid = {448CAB12-3392-4106-80A1-F71E7AFBD899}
	EndGlobalSection
EndGlobal
