
Microsoft Visual Studio Solution File, Format Version 12.00
# Visual Studio 15
VisualStudioVersion = 15.0.27428.2015
MinimumVisualStudioVersion = 10.0.40219.1
Project("{FAE04EC0-301F-11D3-BF4B-00C04F79EFBC}") = "Exercise4_9", "Exercise4_9.csproj", "{D142A356-16AD-4072-93DC-0EB83E5BEF3D}"
EndProject
Global
	GlobalSection(SolutionConfigurationPlatforms) = preSolution
		Debug|Any CPU = Debug|Any CPU
		Release|Any CPU = Release|Any CPU
	EndGlobalSection
	GlobalSection(ProjectConfigurationPlatforms) = postSolution
		{D142A356-16AD-4072-93DC-0EB83E5BEF3D}.Debug|Any CPU.ActiveCfg = Debug|Any CPU
		{D142A356-16AD-4072-93DC-0EB83E5BEF3D}.Debug|Any CPU.Build.0 = Debug|Any CPU
		{D142A356-16AD-4072-93DC-0EB83E5BEF3D}.Release|Any CPU.ActiveCfg = Release|Any CPU
		{D142A356-16AD-4072-93DC-0EB83E5BEF3D}.Release|Any CPU.Build.0 = Release|Any CPU
	EndGlobalSection
	GlobalSection(SolutionProperties) = preSolution
		HideSolutionNode = FALSE
	EndGlobalSection
	GlobalSection(ExtensibilityGlobals) = postSolution
		SolutionGuid = {0DA99E1B-5473-4796-9F00-1797E5D9459A}
	EndGlobalSection
EndGlobal
