
Microsoft Visual Studio Solution File, Format Version 12.00
# Visual Studio 15
VisualStudioVersion = 15.0.27428.2015
MinimumVisualStudioVersion = 10.0.40219.1
Project("{FAE04EC0-301F-11D3-BF4B-00C04F79EFBC}") = "Exercise5_2", "Exercise5_2.csproj", "{44C388BC-735B-4006-8359-91DB5A744EDF}"
EndProject
Global
	GlobalSection(SolutionConfigurationPlatforms) = preSolution
		Debug|Any CPU = Debug|Any CPU
		Release|Any CPU = Release|Any CPU
	EndGlobalSection
	GlobalSection(ProjectConfigurationPlatforms) = postSolution
		{44C388BC-735B-4006-8359-91DB5A744EDF}.Debug|Any CPU.ActiveCfg = Debug|Any CPU
		{44C388BC-735B-4006-8359-91DB5A744EDF}.Debug|Any CPU.Build.0 = Debug|Any CPU
		{44C388BC-735B-4006-8359-91DB5A744EDF}.Release|Any CPU.ActiveCfg = Release|Any CPU
		{44C388BC-735B-4006-8359-91DB5A744EDF}.Release|Any CPU.Build.0 = Release|Any CPU
	EndGlobalSection
	GlobalSection(SolutionProperties) = preSolution
		HideSolutionNode = FALSE
	EndGlobalSection
	GlobalSection(ExtensibilityGlobals) = postSolution
		SolutionGuid = {E2F461E8-6A95-4A04-BCD8-0180F3813B18}
	EndGlobalSection
EndGlobal
